
Microsoft Visual Studio Solution File, Format Version 12.00
# Visual Studio Version 16
VisualStudioVersion = 16.0.31410.357
MinimumVisualStudioVersion = 10.0.40219.1
Project("{FAE04EC0-301F-11D3-BF4B-00C04F79EFBC}") = "TempModbusNet", "TempModbusNet\TempModbusNet.csproj", "{D6FB5A68-8BBC-4634-B84A-FB5E65E53122}"
EndProject
Global
	GlobalSection(SolutionConfigurationPlatforms) = preSolution
		Debug|Any CPU = Debug|Any CPU
		Release|Any CPU = Release|Any CPU
	EndGlobalSection
	GlobalSection(ProjectConfigurationPlatforms) = postSolution
		{D6FB5A68-8BBC-4634-B84A-FB5E65E53122}.Debug|Any CPU.ActiveCfg = Debug|Any CPU
		{D6FB5A68-8BBC-4634-B84A-FB5E65E53122}.Debug|Any CPU.Build.0 = Debug|Any CPU
		{D6FB5A68-8BBC-4634-B84A-FB5E65E53122}.Release|Any CPU.ActiveCfg = Release|Any CPU
		{D6FB5A68-8BBC-4634-B84A-FB5E65E53122}.Release|Any CPU.Build.0 = Release|Any CPU
	EndGlobalSection
	GlobalSection(SolutionProperties) = preSolution
		HideSolutionNode = FALSE
	EndGlobalSection
	GlobalSection(ExtensibilityGlobals) = postSolution
		SolutionGuid = {F3CAE75A-3FB5-4AAB-A56D-AEEAD8448678}
	EndGlobalSection
EndGlobal
